// !$*UTF8*$!
{
	archiveVersion = 1;
	classes = {
	};
	objectVersion = 56;
	objects = {

/* Begin PBXBuildFile section */
		836E2DD72B9F5CF7000DD95D /* Task.swift in Sources */ = {isa = PBXBuildFile; fileRef = 836E2DD62B9F5CF7000DD95D /* Task.swift */; };
		836E2DDA2B9F65BA000DD95D /* View+Extensions.swift in Sources */ = {isa = PBXBuildFile; fileRef = 836E2DD92B9F65BA000DD95D /* View+Extensions.swift */; };
		836E2DDD2B9F66A8000DD95D /* HomeView.swift in Sources */ = {isa = PBXBuildFile; fileRef = 836E2DDC2B9F66A8000DD95D /* HomeView.swift */; };
		836E2DDF2B9F68C4000DD95D /* Date+Extensions.swift in Sources */ = {isa = PBXBuildFile; fileRef = 836E2DDE2B9F68C4000DD95D /* Date+Extensions.swift */; };
		83828E1B2BA3F795009ADF91 /* TaskItemView.swift in Sources */ = {isa = PBXBuildFile; fileRef = 83828E1A2BA3F795009ADF91 /* TaskItemView.swift */; };
		83828E1D2BA4206D009ADF91 /* NewTaskView.swift in Sources */ = {isa = PBXBuildFile; fileRef = 83828E1C2BA4206D009ADF91 /* NewTaskView.swift */; };
		83828E1F2BA44731009ADF91 /* TasksView.swift in Sources */ = {isa = PBXBuildFile; fileRef = 83828E1E2BA44731009ADF91 /* TasksView.swift */; };
		83870D132BA34917006C7218 /* OffsetKey.swift in Sources */ = {isa = PBXBuildFile; fileRef = 83870D122BA34917006C7218 /* OffsetKey.swift */; };
		83B10E6E2B9F1E540041A31B /* TaskManagementAppApp.swift in Sources */ = {isa = PBXBuildFile; fileRef = 83B10E6D2B9F1E540041A31B /* TaskManagementAppApp.swift */; };
		83B10E702B9F1E540041A31B /* ContentView.swift in Sources */ = {isa = PBXBuildFile; fileRef = 83B10E6F2B9F1E540041A31B /* ContentView.swift */; };
		83B10E722B9F1E540041A31B /* Item.swift in Sources */ = {isa = PBXBuildFile; fileRef = 83B10E712B9F1E540041A31B /* Item.swift */; };
		83B10E742B9F1E560041A31B /* Assets.xcassets in Resources */ = {isa = PBXBuildFile; fileRef = 83B10E732B9F1E560041A31B /* Assets.xcassets */; };
		83B10E772B9F1E560041A31B /* Preview Assets.xcassets in Resources */ = {isa = PBXBuildFile; fileRef = 83B10E762B9F1E560041A31B /* Preview Assets.xcassets */; };
/* End PBXBuildFile section */

/* Begin PBXFileReference section */
		836E2DD62B9F5CF7000DD95D /* Task.swift */ = {isa = PBXFileReference; lastKnownFileType = sourcecode.swift; path = Task.swift; sourceTree = "<group>"; };
		836E2DD92B9F65BA000DD95D /* View+Extensions.swift */ = {isa = PBXFileReference; lastKnownFileType = sourcecode.swift; path = "View+Extensions.swift"; sourceTree = "<group>"; };
		836E2DDC2B9F66A8000DD95D /* HomeView.swift */ = {isa = PBXFileReference; lastKnownFileType = sourcecode.swift; path = HomeView.swift; sourceTree = "<group>"; };
		836E2DDE2B9F68C4000DD95D /* Date+Extensions.swift */ = {isa = PBXFileReference; lastKnownFileType = sourcecode.swift; path = "Date+Extensions.swift"; sourceTree = "<group>"; };
		83828E1A2BA3F795009ADF91 /* TaskItemView.swift */ = {isa = PBXFileReference; lastKnownFileType = sourcecode.swift; path = TaskItemView.swift; sourceTree = "<group>"; };
		83828E1C2BA4206D009ADF91 /* NewTaskView.swift */ = {isa = PBXFileReference; lastKnownFileType = sourcecode.swift; path = NewTaskView.swift; sourceTree = "<group>"; };
		83828E1E2BA44731009ADF91 /* TasksView.swift */ = {isa = PBXFileReference; lastKnownFileType = sourcecode.swift; path = TasksView.swift; sourceTree = "<group>"; };
		83870D122BA34917006C7218 /* OffsetKey.swift */ = {isa = PBXFileReference; lastKnownFileType = sourcecode.swift; path = OffsetKey.swift; sourceTree = "<group>"; };
		83B10E6A2B9F1E540041A31B /* TaskManagementApp.app */ = {isa = PBXFileReference; explicitFileType = wrapper.application; includeInIndex = 0; path = TaskManagementApp.app; sourceTree = BUILT_PRODUCTS_DIR; };
		83B10E6D2B9F1E540041A31B /* TaskManagementAppApp.swift */ = {isa = PBXFileReference; lastKnownFileType = sourcecode.swift; path = TaskManagementAppApp.swift; sourceTree = "<group>"; };
		83B10E6F2B9F1E540041A31B /* ContentView.swift */ = {isa = PBXFileReference; lastKnownFileType = sourcecode.swift; path = ContentView.swift; sourceTree = "<group>"; };
		83B10E712B9F1E540041A31B /* Item.swift */ = {isa = PBXFileReference; lastKnownFileType = sourcecode.swift; path = Item.swift; sourceTree = "<group>"; };
		83B10E732B9F1E560041A31B /* Assets.xcassets */ = {isa = PBXFileReference; lastKnownFileType = folder.assetcatalog; path = Assets.xcassets; sourceTree = "<group>"; };
		83B10E762B9F1E560041A31B /* Preview Assets.xcassets */ = {isa = PBXFileReference; lastKnownFileType = folder.assetcatalog; path = "Preview Assets.xcassets"; sourceTree = "<group>"; };
/* End PBXFileReference section */

/* Begin PBXFrameworksBuildPhase section */
		83B10E672B9F1E540041A31B /* Frameworks */ = {
			isa = PBXFrameworksBuildPhase;
			buildActionMask = 2147483647;
			files = (
			);
			runOnlyForDeploymentPostprocessing = 0;
		};
/* End PBXFrameworksBuildPhase section */

/* Begin PBXGroup section */
		836E2DD52B9F5CE5000DD95D /* Model */ = {
			isa = PBXGroup;
			children = (
				836E2DD62B9F5CF7000DD95D /* Task.swift */,
			);
			path = Model;
			sourceTree = "<group>";
		};
		836E2DD82B9F65A0000DD95D /* Helpers */ = {
			isa = PBXGroup;
			children = (
				836E2DD92B9F65BA000DD95D /* View+Extensions.swift */,
				836E2DDE2B9F68C4000DD95D /* Date+Extensions.swift */,
				83870D122BA34917006C7218 /* OffsetKey.swift */,
			);
			path = Helpers;
			sourceTree = "<group>";
		};
		836E2DDB2B9F6694000DD95D /* View */ = {
			isa = PBXGroup;
			children = (
				836E2DDC2B9F66A8000DD95D /* HomeView.swift */,
				83828E1A2BA3F795009ADF91 /* TaskItemView.swift */,
				83828E1C2BA4206D009ADF91 /* NewTaskView.swift */,
				83828E1E2BA44731009ADF91 /* TasksView.swift */,
			);
			path = View;
			sourceTree = "<group>";
		};
		83B10E612B9F1E540041A31B = {
			isa = PBXGroup;
			children = (
				83B10E6C2B9F1E540041A31B /* TaskManagementApp */,
				83B10E6B2B9F1E540041A31B /* Products */,
			);
			sourceTree = "<group>";
		};
		83B10E6B2B9F1E540041A31B /* Products */ = {
			isa = PBXGroup;
			children = (
				83B10E6A2B9F1E540041A31B /* TaskManagementApp.app */,
			);
			name = Products;
			sourceTree = "<group>";
		};
		83B10E6C2B9F1E540041A31B /* TaskManagementApp */ = {
			isa = PBXGroup;
			children = (
				836E2DDB2B9F6694000DD95D /* View */,
				836E2DD82B9F65A0000DD95D /* Helpers */,
				836E2DD52B9F5CE5000DD95D /* Model */,
				83B10E6D2B9F1E540041A31B /* TaskManagementAppApp.swift */,
				83B10E6F2B9F1E540041A31B /* ContentView.swift */,
				83B10E712B9F1E540041A31B /* Item.swift */,
				83B10E732B9F1E560041A31B /* Assets.xcassets */,
				83B10E752B9F1E560041A31B /* Preview Content */,
			);
			path = TaskManagementApp;
			sourceTree = "<group>";
		};
		83B10E752B9F1E560041A31B /* Preview Content */ = {
			isa = PBXGroup;
			children = (
				83B10E762B9F1E560041A31B /* Preview Assets.xcassets */,
			);
			path = "Preview Content";
			sourceTree = "<group>";
		};
/* End PBXGroup section */

/* Begin PBXNativeTarget section */
		83B10E692B9F1E540041A31B /* TaskManagementApp */ = {
			isa = PBXNativeTarget;
			buildConfigurationList = 83B10E7A2B9F1E560041A31B /* Build configuration list for PBXNativeTarget "TaskManagementApp" */;
			buildPhases = (
				83B10E662B9F1E540041A31B /* Sources */,
				83B10E672B9F1E540041A31B /* Frameworks */,
				83B10E682B9F1E540041A31B /* Resources */,
			);
			buildRules = (
			);
			dependencies = (
			);
			name = TaskManagementApp;
			productName = TaskManagementApp;
			productReference = 83B10E6A2B9F1E540041A31B /* TaskManagementApp.app */;
			productType = "com.apple.product-type.application";
		};
/* End PBXNativeTarget section */

/* Begin PBXProject section */
		83B10E622B9F1E540041A31B /* Project object */ = {
			isa = PBXProject;
			attributes = {
				BuildIndependentTargetsInParallel = 1;
				LastSwiftUpdateCheck = 1510;
				LastUpgradeCheck = 1510;
				TargetAttributes = {
					83B10E692B9F1E540041A31B = {
						CreatedOnToolsVersion = 15.1;
					};
				};
			};
			buildConfigurationList = 83B10E652B9F1E540041A31B /* Build configuration list for PBXProject "TaskManagementApp" */;
			compatibilityVersion = "Xcode 14.0";
			developmentRegion = en;
			hasScannedForEncodings = 0;
			knownRegions = (
				en,
				Base,
			);
			mainGroup = 83B10E612B9F1E540041A31B;
			productRefGroup = 83B10E6B2B9F1E540041A31B /* Products */;
			projectDirPath = "";
			projectRoot = "";
			targets = (
				83B10E692B9F1E540041A31B /* TaskManagementApp */,
			);
		};
/* End PBXProject section */

/* Begin PBXResourcesBuildPhase section */
		83B10E682B9F1E540041A31B /* Resources */ = {
			isa = PBXResourcesBuildPhase;
			buildActionMask = 2147483647;
			files = (
				83B10E772B9F1E560041A31B /* Preview Assets.xcassets in Resources */,
				83B10E742B9F1E560041A31B /* Assets.xcassets in Resources */,
			);
			runOnlyForDeploymentPostprocessing = 0;
		};
/* End PBXResourcesBuildPhase section */

/* Begin PBXSourcesBuildPhase section */
		83B10E662B9F1E540041A31B /* Sources */ = {
			isa = PBXSourcesBuildPhase;
			buildActionMask = 2147483647;
			files = (
				83828E1B2BA3F795009ADF91 /* TaskItemView.swift in Sources */,
				836E2DD72B9F5CF7000DD95D /* Task.swift in Sources */,
				83B10E702B9F1E540041A31B /* ContentView.swift in Sources */,
				83870D132BA34917006C7218 /* OffsetKey.swift in Sources */,
				836E2DDF2B9F68C4000DD95D /* Date+Extensions.swift in Sources */,
				83B10E722B9F1E540041A31B /* Item.swift in Sources */,
				83828E1D2BA4206D009ADF91 /* NewTaskView.swift in Sources */,
				836E2DDD2B9F66A8000DD95D /* HomeView.swift in Sources */,
				836E2DDA2B9F65BA000DD95D /* View+Extensions.swift in Sources */,
				83828E1F2BA44731009ADF91 /* TasksView.swift in Sources */,
				83B10E6E2B9F1E540041A31B /* TaskManagementAppApp.swift in Sources */,
			);
			runOnlyForDeploymentPostprocessing = 0;
		};
/* End PBXSourcesBuildPhase section */

/* Begin XCBuildConfiguration section */
		83B10E782B9F1E560041A31B /* Debug */ = {
			isa = XCBuildConfiguration;
			buildSettings = {
				ALWAYS_SEARCH_USER_PATHS = NO;
				ASSETCATALOG_COMPILER_GENERATE_SWIFT_ASSET_SYMBOL_EXTENSIONS = YES;
				CLANG_ANALYZER_NONNULL = YES;
				CLANG_ANALYZER_NUMBER_OBJECT_CONVERSION = YES_AGGRESSIVE;
				CLANG_CXX_LANGUAGE_STANDARD = "gnu++20";
				CLANG_ENABLE_MODULES = YES;
				CLANG_ENABLE_OBJC_ARC = YES;
				CLANG_ENABLE_OBJC_WEAK = YES;
				CLANG_WARN_BLOCK_CAPTURE_AUTORELEASING = YES;
				CLANG_WARN_BOOL_CONVERSION = YES;
				CLANG_WARN_COMMA = YES;
				CLANG_WARN_CONSTANT_CONVERSION = YES;
				CLANG_WARN_DEPRECATED_OBJC_IMPLEMENTATIONS = YES;
				CLANG_WARN_DIRECT_OBJC_ISA_USAGE = YES_ERROR;
				CLANG_WARN_DOCUMENTATION_COMMENTS = YES;
				CLANG_WARN_EMPTY_BODY = YES;
				CLANG_WARN_ENUM_CONVERSION = YES;
				CLANG_WARN_INFINITE_RECURSION = YES;
				CLANG_WARN_INT_CONVERSION = YES;
				CLANG_WARN_NON_LITERAL_NULL_CONVERSION = YES;
				CLANG_WARN_OBJC_IMPLICIT_RETAIN_SELF = YES;
				CLANG_WARN_OBJC_LITERAL_CONVERSION = YES;
				CLANG_WARN_OBJC_ROOT_CLASS = YES_ERROR;
				CLANG_WARN_QUOTED_INCLUDE_IN_FRAMEWORK_HEADER = YES;
				CLANG_WARN_RANGE_LOOP_ANALYSIS = YES;
				CLANG_WARN_STRICT_PROTOTYPES = YES;
				CLANG_WARN_SUSPICIOUS_MOVE = YES;
				CLANG_WARN_UNGUARDED_AVAILABILITY = YES_AGGRESSIVE;
				CLANG_WARN_UNREACHABLE_CODE = YES;
				CLANG_WARN__DUPLICATE_METHOD_MATCH = YES;
				COPY_PHASE_STRIP = NO;
				DEBUG_INFORMATION_FORMAT = dwarf;
				ENABLE_STRICT_OBJC_MSGSEND = YES;
				ENABLE_TESTABILITY = YES;
				ENABLE_USER_SCRIPT_SANDBOXING = YES;
				GCC_C_LANGUAGE_STANDARD = gnu17;
				GCC_DYNAMIC_NO_PIC = NO;
				GCC_NO_COMMON_BLOCKS = YES;
				GCC_OPTIMIZATION_LEVEL = 0;
				GCC_PREPROCESSOR_DEFINITIONS = (
					"DEBUG=1",
					"$(inherited)",
				);
				GCC_WARN_64_TO_32_BIT_CONVERSION = YES;
				GCC_WARN_ABOUT_RETURN_TYPE = YES_ERROR;
				GCC_WARN_UNDECLARED_SELECTOR = YES;
				GCC_WARN_UNINITIALIZED_AUTOS = YES_AGGRESSIVE;
				GCC_WARN_UNUSED_FUNCTION = YES;
				GCC_WARN_UNUSED_VARIABLE = YES;
				IPHONEOS_DEPLOYMENT_TARGET = 17.2;
				LOCALIZATION_PREFERS_STRING_CATALOGS = YES;
				MTL_ENABLE_DEBUG_INFO = INCLUDE_SOURCE;
				MTL_FAST_MATH = YES;
				ONLY_ACTIVE_ARCH = YES;
				SDKROOT = iphoneos;
				SWIFT_ACTIVE_COMPILATION_CONDITIONS = "DEBUG $(inherited)";
				SWIFT_OPTIMIZATION_LEVEL = "-Onone";
			};
			name = Debug;
		};
		83B10E792B9F1E560041A31B /* Release */ = {
			isa = XCBuildConfiguration;
			buildSettings = {
				ALWAYS_SEARCH_USER_PATHS = NO;
				ASSETCATALOG_COMPILER_GENERATE_SWIFT_ASSET_SYMBOL_EXTENSIONS = YES;
				CLANG_ANALYZER_NONNULL = YES;
				CLANG_ANALYZER_NUMBER_OBJECT_CONVERSION = YES_AGGRESSIVE;
				CLANG_CXX_LANGUAGE_STANDARD = "gnu++20";
				CLANG_ENABLE_MODULES = YES;
				CLANG_ENABLE_OBJC_ARC = YES;
				CLANG_ENABLE_OBJC_WEAK = YES;
				CLANG_WARN_BLOCK_CAPTURE_AUTORELEASING = YES;
				CLANG_WARN_BOOL_CONVERSION = YES;
				CLANG_WARN_COMMA = YES;
				CLANG_WARN_CONSTANT_CONVERSION = YES;
				CLANG_WARN_DEPRECATED_OBJC_IMPLEMENTATIONS = YES;
				CLANG_WARN_DIRECT_OBJC_ISA_USAGE = YES_ERROR;
				CLANG_WARN_DOCUMENTATION_COMMENTS = YES;
				CLANG_WARN_EMPTY_BODY = YES;
				CLANG_WARN_ENUM_CONVERSION = YES;
				CLANG_WARN_INFINITE_RECURSION = YES;
				CLANG_WARN_INT_CONVERSION = YES;
				CLANG_WARN_NON_LITERAL_NULL_CONVERSION = YES;
				CLANG_WARN_OBJC_IMPLICIT_RETAIN_SELF = YES;
				CLANG_WARN_OBJC_LITERAL_CONVERSION = YES;
				CLANG_WARN_OBJC_ROOT_CLASS = YES_ERROR;
				CLANG_WARN_QUOTED_INCLUDE_IN_FRAMEWORK_HEADER = YES;
				CLANG_WARN_RANGE_LOOP_ANALYSIS = YES;
				CLANG_WARN_STRICT_PROTOTYPES = YES;
				CLANG_WARN_SUSPICIOUS_MOVE = YES;
				CLANG_WARN_UNGUARDED_AVAILABILITY = YES_AGGRESSIVE;
				CLANG_WARN_UNREACHABLE_CODE = YES;
				CLANG_WARN__DUPLICATE_METHOD_MATCH = YES;
				COPY_PHASE_STRIP = NO;
				DEBUG_INFORMATION_FORMAT = "dwarf-with-dsym";
				ENABLE_NS_ASSERTIONS = NO;
				ENABLE_STRICT_OBJC_MSGSEND = YES;
				ENABLE_USER_SCRIPT_SANDBOXING = YES;
				GCC_C_LANGUAGE_STANDARD = gnu17;
				GCC_NO_COMMON_BLOCKS = YES;
				GCC_WARN_64_TO_32_BIT_CONVERSION = YES;
				GCC_WARN_ABOUT_RETURN_TYPE = YES_ERROR;
				GCC_WARN_UNDECLARED_SELECTOR = YES;
				GCC_WARN_UNINITIALIZED_AUTOS = YES_AGGRESSIVE;
				GCC_WARN_UNUSED_FUNCTION = YES;
				GCC_WARN_UNUSED_VARIABLE = YES;
				IPHONEOS_DEPLOYMENT_TARGET = 17.2;
				LOCALIZATION_PREFERS_STRING_CATALOGS = YES;
				MTL_ENABLE_DEBUG_INFO = NO;
				MTL_FAST_MATH = YES;
				SDKROOT = iphoneos;
				SWIFT_COMPILATION_MODE = wholemodule;
				VALIDATE_PRODUCT = YES;
			};
			name = Release;
		};
		83B10E7B2B9F1E560041A31B /* Debug */ = {
			isa = XCBuildConfiguration;
			buildSettings = {
				ASSETCATALOG_COMPILER_APPICON_NAME = AppIcon;
				ASSETCATALOG_COMPILER_GLOBAL_ACCENT_COLOR_NAME = AccentColor;
				CODE_SIGN_STYLE = Automatic;
				CURRENT_PROJECT_VERSION = 1;
				DEVELOPMENT_ASSET_PATHS = "\"TaskManagementApp/Preview Content\"";
				DEVELOPMENT_TEAM = UPCX9GY2XM;
				ENABLE_PREVIEWS = YES;
				GENERATE_INFOPLIST_FILE = YES;
				INFOPLIST_KEY_UIApplicationSceneManifest_Generation = YES;
				INFOPLIST_KEY_UIApplicationSupportsIndirectInputEvents = YES;
				INFOPLIST_KEY_UILaunchScreen_Generation = YES;
				INFOPLIST_KEY_UISupportedInterfaceOrientations_iPad = "UIInterfaceOrientationPortrait UIInterfaceOrientationPortraitUpsideDown UIInterfaceOrientationLandscapeLeft UIInterfaceOrientationLandscapeRight";
				INFOPLIST_KEY_UISupportedInterfaceOrientations_iPhone = "UIInterfaceOrientationPortrait UIInterfaceOrientationLandscapeLeft UIInterfaceOrientationLandscapeRight";
				LD_RUNPATH_SEARCH_PATHS = (
					"$(inherited)",
					"@executable_path/Frameworks",
				);
				MARKETING_VERSION = 1.0;
				PRODUCT_BUNDLE_IDENTIFIER = com.sport.new.TaskManagementApp;
				PRODUCT_NAME = "$(TARGET_NAME)";
				SWIFT_EMIT_LOC_STRINGS = YES;
				SWIFT_VERSION = 5.0;
				TARGETED_DEVICE_FAMILY = "1,2";
			};
			name = Debug;
		};
		83B10E7C2B9F1E560041A31B /* Release */ = {
			isa = XCBuildConfiguration;
			buildSettings = {
				ASSETCATALOG_COMPILER_APPICON_NAME = AppIcon;
				ASSETCATALOG_COMPILER_GLOBAL_ACCENT_COLOR_NAME = AccentColor;
				CODE_SIGN_STYLE = Automatic;
				CURRENT_PROJECT_VERSION = 1;
				DEVELOPMENT_ASSET_PATHS = "\"TaskManagementApp/Preview Content\"";
				DEVELOPMENT_TEAM = UPCX9GY2XM;
				ENABLE_PREVIEWS = YES;
				GENERATE_INFOPLIST_FILE = YES;
				INFOPLIST_KEY_UIApplicationSceneManifest_Generation = YES;
				INFOPLIST_KEY_UIApplicationSupportsIndirectInputEvents = YES;
				INFOPLIST_KEY_UILaunchScreen_Generation = YES;
				INFOPLIST_KEY_UISupportedInterfaceOrientations_iPad = "UIInterfaceOrientationPortrait UIInterfaceOrientationPortraitUpsideDown UIInterfaceOrientationLandscapeLeft UIInterfaceOrientationLandscapeRight";
				INFOPLIST_KEY_UISupportedInterfaceOrientations_iPhone = "UIInterfaceOrientationPortrait UIInterfaceOrientationLandscapeLeft UIInterfaceOrientationLandscapeRight";
				LD_RUNPATH_SEARCH_PATHS = (
					"$(inherited)",
					"@executable_path/Frameworks",
				);
				MARKETING_VERSION = 1.0;
				PRODUCT_BUNDLE_IDENTIFIER = com.sport.new.TaskManagementApp;
				PRODUCT_NAME = "$(TARGET_NAME)";
				SWIFT_EMIT_LOC_STRINGS = YES;
				SWIFT_VERSION = 5.0;
				TARGETED_DEVICE_FAMILY = "1,2";
			};
			name = Release;
		};
/* End XCBuildConfiguration section */

/* Begin XCConfigurationList section */
		83B10E652B9F1E540041A31B /* Build configuration list for PBXProject "TaskManagementApp" */ = {
			isa = XCConfigurationList;
			buildConfigurations = (
				83B10E782B9F1E560041A31B /* Debug */,
				83B10E792B9F1E560041A31B /* Release */,
			);
			defaultConfigurationIsVisible = 0;
			defaultConfigurationName = Release;
		};
		83B10E7A2B9F1E560041A31B /* Build configuration list for PBXNativeTarget "TaskManagementApp" */ = {
			isa = XCConfigurationList;
			buildConfigurations = (
				83B10E7B2B9F1E560041A31B /* Debug */,
				83B10E7C2B9F1E560041A31B /* Release */,
			);
			defaultConfigurationIsVisible = 0;
			defaultConfigurationName = Release;
		};
/* End XCConfigurationList section */
	};
	rootObject = 83B10E622B9F1E540041A31B /* Project object */;
}
